
Microsoft Visual Studio Solution File, Format Version 12.00
# Visual Studio Version 17
VisualStudioVersion = 17.14.36221.1
MinimumVisualStudioVersion = 10.0.40219.1
Project("{FAE04EC0-301F-11D3-BF4B-00C04F79EFBC}") = "C#KampiEnginDemirogOdevCalisma", "C#KampiEnginDemirogOdevCalisma\C#KampiEnginDemirogOdevCalisma.csproj", "{8A3BA7F4-CBA2-48C4-A6C6-393C7F99ED2A}"
EndProject
Project("{FAE04EC0-301F-11D3-BF4B-00C04F79EFBC}") = "Generics", "Generics\Generics.csproj", "{5C4D5AE0-9D00-4CD7-88F3-8F051742D4AE}"
EndProject
Global
	GlobalSection(SolutionConfigurationPlatforms) = preSolution
		Debug|Any CPU = Debug|Any CPU
		Release|Any CPU = Release|Any CPU
	EndGlobalSection
	GlobalSection(ProjectConfigurationPlatforms) = postSolution
		{8A3BA7F4-CBA2-48C4-A6C6-393C7F99ED2A}.Debug|Any CPU.ActiveCfg = Debug|Any CPU
		{8A3BA7F4-CBA2-48C4-A6C6-393C7F99ED2A}.Debug|Any CPU.Build.0 = Debug|Any CPU
		{8A3BA7F4-CBA2-48C4-A6C6-393C7F99ED2A}.Release|Any CPU.ActiveCfg = Release|Any CPU
		{8A3BA7F4-CBA2-48C4-A6C6-393C7F99ED2A}.Release|Any CPU.Build.0 = Release|Any CPU
		{5C4D5AE0-9D00-4CD7-88F3-8F051742D4AE}.Debug|Any CPU.ActiveCfg = Debug|Any CPU
		{5C4D5AE0-9D00-4CD7-88F3-8F051742D4AE}.Debug|Any CPU.Build.0 = Debug|Any CPU
		{5C4D5AE0-9D00-4CD7-88F3-8F051742D4AE}.Release|Any CPU.ActiveCfg = Release|Any CPU
		{5C4D5AE0-9D00-4CD7-88F3-8F051742D4AE}.Release|Any CPU.Build.0 = Release|Any CPU
	EndGlobalSection
	GlobalSection(SolutionProperties) = preSolution
		HideSolutionNode = FALSE
	EndGlobalSection
	GlobalSection(ExtensibilityGlobals) = postSolution
		SolutionGuid = {A5748AE6-4C98-4E8B-B4DE-5EA56172C383}
	EndGlobalSection
EndGlobal
